
Microsoft Visual Studio Solution File, Format Version 12.00
# Visual Studio Version 17
VisualStudioVersion = 17.5.002.0
MinimumVisualStudioVersion = 10.0.40219.1
Project("{9A19103F-16F7-4668-BE54-9A1E7A4F7556}") = "VicemMVC", "VicemMVC.csproj", "{37EC0116-3007-41E7-A2E7-AEF16D00DEDB}"
EndProject
Global
	GlobalSection(SolutionConfigurationPlatforms) = preSolution
		Debug|Any CPU = Debug|Any CPU
		Release|Any CPU = Release|Any CPU
	EndGlobalSection
	GlobalSection(ProjectConfigurationPlatforms) = postSolution
		{37EC0116-3007-41E7-A2E7-AEF16D00DEDB}.Debug|Any CPU.ActiveCfg = Debug|Any CPU
		{37EC0116-3007-41E7-A2E7-AEF16D00DEDB}.Debug|Any CPU.Build.0 = Debug|Any CPU
		{37EC0116-3007-41E7-A2E7-AEF16D00DEDB}.Release|Any CPU.ActiveCfg = Release|Any CPU
		{37EC0116-3007-41E7-A2E7-AEF16D00DEDB}.Release|Any CPU.Build.0 = Release|Any CPU
	EndGlobalSection
	GlobalSection(SolutionProperties) = preSolution
		HideSolutionNode = FALSE
	EndGlobalSection
	GlobalSection(ExtensibilityGlobals) = postSolution
		SolutionGuid = {7F99A791-A273-4ED6-BC73-16610C5B1063}
	EndGlobalSection
EndGlobal
